
Microsoft Visual Studio Solution File, Format Version 12.00
# Visual Studio Version 17
VisualStudioVersion = 17.5.33516.290
MinimumVisualStudioVersion = 10.0.40219.1
Project("{FAE04EC0-301F-11D3-BF4B-00C04F79EFBC}") = "MapScratch", "MapScratch\MapScratch.csproj", "{F595860F-D898-4B57-AF32-715EF983EF24}"
EndProject
Global
	GlobalSection(SolutionConfigurationPlatforms) = preSolution
		Debug|Any CPU = Debug|Any CPU
		Release|Any CPU = Release|Any CPU
	EndGlobalSection
	GlobalSection(ProjectConfigurationPlatforms) = postSolution
		{F595860F-D898-4B57-AF32-715EF983EF24}.Debug|Any CPU.ActiveCfg = Debug|Any CPU
		{F595860F-D898-4B57-AF32-715EF983EF24}.Debug|Any CPU.Build.0 = Debug|Any CPU
		{F595860F-D898-4B57-AF32-715EF983EF24}.Release|Any CPU.ActiveCfg = Release|Any CPU
		{F595860F-D898-4B57-AF32-715EF983EF24}.Release|Any CPU.Build.0 = Release|Any CPU
	EndGlobalSection
	GlobalSection(SolutionProperties) = preSolution
		HideSolutionNode = FALSE
	EndGlobalSection
	GlobalSection(ExtensibilityGlobals) = postSolution
		SolutionGuid = {1DD26223-DC0E-4946-886C-964B3F3CDA26}
	EndGlobalSection
EndGlobal
